
Microsoft Visual Studio Solution File, Format Version 12.00
# Visual Studio 15
VisualStudioVersion = 15.0.27130.2026
MinimumVisualStudioVersion = 10.0.40219.1
Project("{FAE04EC0-301F-11D3-BF4B-00C04F79EFBC}") = "CsharpToSqlLibrary", "CsharpToSqlLibrary\CsharpToSqlLibrary.csproj", "{F5D0F20B-3127-4B91-A209-0A8E5D7DFB74}"
EndProject
Project("{FAE04EC0-301F-11D3-BF4B-00C04F79EFBC}") = "SqlLibrary", "SqlLibrary\SqlLibrary.csproj", "{F3C5F725-AAD4-4719-82FD-BF717C9FCBA1}"
EndProject
Global
	GlobalSection(SolutionConfigurationPlatforms) = preSolution
		Debug|Any CPU = Debug|Any CPU
		Release|Any CPU = Release|Any CPU
	EndGlobalSection
	GlobalSection(ProjectConfigurationPlatforms) = postSolution
		{F5D0F20B-3127-4B91-A209-0A8E5D7DFB74}.Debug|Any CPU.ActiveCfg = Debug|Any CPU
		{F5D0F20B-3127-4B91-A209-0A8E5D7DFB74}.Debug|Any CPU.Build.0 = Debug|Any CPU
		{F5D0F20B-3127-4B91-A209-0A8E5D7DFB74}.Release|Any CPU.ActiveCfg = Release|Any CPU
		{F5D0F20B-3127-4B91-A209-0A8E5D7DFB74}.Release|Any CPU.Build.0 = Release|Any CPU
		{F3C5F725-AAD4-4719-82FD-BF717C9FCBA1}.Debug|Any CPU.ActiveCfg = Debug|Any CPU
		{F3C5F725-AAD4-4719-82FD-BF717C9FCBA1}.Debug|Any CPU.Build.0 = Debug|Any CPU
		{F3C5F725-AAD4-4719-82FD-BF717C9FCBA1}.Release|Any CPU.ActiveCfg = Release|Any CPU
		{F3C5F725-AAD4-4719-82FD-BF717C9FCBA1}.Release|Any CPU.Build.0 = Release|Any CPU
	EndGlobalSection
	GlobalSection(SolutionProperties) = preSolution
		HideSolutionNode = FALSE
	EndGlobalSection
	GlobalSection(ExtensibilityGlobals) = postSolution
		SolutionGuid = {F2EA1C62-532B-4ADE-AE17-A7858577A36D}
	EndGlobalSection
EndGlobal
